
Microsoft Visual Studio Solution File, Format Version 12.00
# Visual Studio Version 17
VisualStudioVersion = 17.7.34031.279
MinimumVisualStudioVersion = 10.0.40219.1
Project("{9A19103F-16F7-4668-BE54-9A1E7A4F7556}") = "EmployeeManagement", "EmployeeManagement\EmployeeManagement.csproj", "{CEBEDAEE-201B-4ECE-A137-2A9E48E98ED9}"
EndProject
Project("{FAE04EC0-301F-11D3-BF4B-00C04F79EFBC}") = "EmpInfrastructure", "EmpInfrastructure\EmpInfrastructure.csproj", "{D564E11B-8FB6-458B-80A8-FC5DD7B46A7B}"
EndProject
Project("{FAE04EC0-301F-11D3-BF4B-00C04F79EFBC}") = "EmployeeCore", "EmployeeCore\EmployeeCore.csproj", "{AD571623-95EB-411A-BD43-91EF33B20929}"
EndProject
Global
	GlobalSection(SolutionConfigurationPlatforms) = preSolution
		Debug|Any CPU = Debug|Any CPU
		Release|Any CPU = Release|Any CPU
	EndGlobalSection
	GlobalSection(ProjectConfigurationPlatforms) = postSolution
		{CEBEDAEE-201B-4ECE-A137-2A9E48E98ED9}.Debug|Any CPU.ActiveCfg = Debug|Any CPU
		{CEBEDAEE-201B-4ECE-A137-2A9E48E98ED9}.Debug|Any CPU.Build.0 = Debug|Any CPU
		{CEBEDAEE-201B-4ECE-A137-2A9E48E98ED9}.Release|Any CPU.ActiveCfg = Release|Any CPU
		{CEBEDAEE-201B-4ECE-A137-2A9E48E98ED9}.Release|Any CPU.Build.0 = Release|Any CPU
		{D564E11B-8FB6-458B-80A8-FC5DD7B46A7B}.Debug|Any CPU.ActiveCfg = Debug|Any CPU
		{D564E11B-8FB6-458B-80A8-FC5DD7B46A7B}.Debug|Any CPU.Build.0 = Debug|Any CPU
		{D564E11B-8FB6-458B-80A8-FC5DD7B46A7B}.Release|Any CPU.ActiveCfg = Release|Any CPU
		{D564E11B-8FB6-458B-80A8-FC5DD7B46A7B}.Release|Any CPU.Build.0 = Release|Any CPU
		{AD571623-95EB-411A-BD43-91EF33B20929}.Debug|Any CPU.ActiveCfg = Debug|Any CPU
		{AD571623-95EB-411A-BD43-91EF33B20929}.Debug|Any CPU.Build.0 = Debug|Any CPU
		{AD571623-95EB-411A-BD43-91EF33B20929}.Release|Any CPU.ActiveCfg = Release|Any CPU
		{AD571623-95EB-411A-BD43-91EF33B20929}.Release|Any CPU.Build.0 = Release|Any CPU
	EndGlobalSection
	GlobalSection(SolutionProperties) = preSolution
		HideSolutionNode = FALSE
	EndGlobalSection
	GlobalSection(ExtensibilityGlobals) = postSolution
		SolutionGuid = {04B49B0B-A5FB-49CF-AAA8-42BD8DBB012D}
	EndGlobalSection
EndGlobal
